// !$*UTF8*$!
{
	archiveVersion = 1;
	classes = {
	};
	objectVersion = 56;
	objects = {

/* Begin PBXBuildFile section */
		46E1AFAC2A8140DA00482245 /* AppDelegate.swift in Sources */ = {isa = PBXBuildFile; fileRef = 46E1AFAB2A8140DA00482245 /* AppDelegate.swift */; };
		46E1AFAE2A8140DA00482245 /* SceneDelegate.swift in Sources */ = {isa = PBXBuildFile; fileRef = 46E1AFAD2A8140DA00482245 /* SceneDelegate.swift */; };
		46E1AFB02A8140DA00482245 /* ViewController.swift in Sources */ = {isa = PBXBuildFile; fileRef = 46E1AFAF2A8140DA00482245 /* ViewController.swift */; };
		46E1AFB32A8140DA00482245 /* Main.storyboard in Resources */ = {isa = PBXBuildFile; fileRef = 46E1AFB12A8140DA00482245 /* Main.storyboard */; };
		46E1AFB52A8140DB00482245 /* Assets.xcassets in Resources */ = {isa = PBXBuildFile; fileRef = 46E1AFB42A8140DB00482245 /* Assets.xcassets */; };
		46E1AFB82A8140DB00482245 /* LaunchScreen.storyboard in Resources */ = {isa = PBXBuildFile; fileRef = 46E1AFB62A8140DB00482245 /* LaunchScreen.storyboard */; };
		46E1AFC22A81416B00482245 /* CardCollectionViewCell.swift in Sources */ = {isa = PBXBuildFile; fileRef = 46E1AFC12A81416B00482245 /* CardCollectionViewCell.swift */; };
		46E1AFC52A81418E00482245 /* Card.swift in Sources */ = {isa = PBXBuildFile; fileRef = 46E1AFC42A81418E00482245 /* Card.swift */; };
		46E1AFCA2A8141E600482245 /* CardController.swift in Sources */ = {isa = PBXBuildFile; fileRef = 46E1AFC92A8141E600482245 /* CardController.swift */; };
/* End PBXBuildFile section */

/* Begin PBXFileReference section */
		46E1AFA82A8140DA00482245 /* Memory Match.app */ = {isa = PBXFileReference; explicitFileType = wrapper.application; includeInIndex = 0; path = "Memory Match.app"; sourceTree = BUILT_PRODUCTS_DIR; };
		46E1AFAB2A8140DA00482245 /* AppDelegate.swift */ = {isa = PBXFileReference; lastKnownFileType = sourcecode.swift; path = AppDelegate.swift; sourceTree = "<group>"; };
		46E1AFAD2A8140DA00482245 /* SceneDelegate.swift */ = {isa = PBXFileReference; lastKnownFileType = sourcecode.swift; path = SceneDelegate.swift; sourceTree = "<group>"; };
		46E1AFAF2A8140DA00482245 /* ViewController.swift */ = {isa = PBXFileReference; lastKnownFileType = sourcecode.swift; path = ViewController.swift; sourceTree = "<group>"; };
		46E1AFB22A8140DA00482245 /* Base */ = {isa = PBXFileReference; lastKnownFileType = file.storyboard; name = Base; path = Base.lproj/Main.storyboard; sourceTree = "<group>"; };
		46E1AFB42A8140DB00482245 /* Assets.xcassets */ = {isa = PBXFileReference; lastKnownFileType = folder.assetcatalog; path = Assets.xcassets; sourceTree = "<group>"; };
		46E1AFB72A8140DB00482245 /* Base */ = {isa = PBXFileReference; lastKnownFileType = file.storyboard; name = Base; path = Base.lproj/LaunchScreen.storyboard; sourceTree = "<group>"; };
		46E1AFB92A8140DB00482245 /* Info.plist */ = {isa = PBXFileReference; lastKnownFileType = text.plist.xml; path = Info.plist; sourceTree = "<group>"; };
		46E1AFC12A81416B00482245 /* CardCollectionViewCell.swift */ = {isa = PBXFileReference; lastKnownFileType = sourcecode.swift; path = CardCollectionViewCell.swift; sourceTree = "<group>"; };
		46E1AFC42A81418E00482245 /* Card.swift */ = {isa = PBXFileReference; lastKnownFileType = sourcecode.swift; path = Card.swift; sourceTree = "<group>"; };
		46E1AFC92A8141E600482245 /* CardController.swift */ = {isa = PBXFileReference; lastKnownFileType = sourcecode.swift; path = CardController.swift; sourceTree = "<group>"; };
/* End PBXFileReference section */

/* Begin PBXFrameworksBuildPhase section */
		46E1AFA52A8140DA00482245 /* Frameworks */ = {
			isa = PBXFrameworksBuildPhase;
			buildActionMask = 2147483647;
			files = (
			);
			runOnlyForDeploymentPostprocessing = 0;
		};
/* End PBXFrameworksBuildPhase section */

/* Begin PBXGroup section */
		46E1AF9F2A8140DA00482245 = {
			isa = PBXGroup;
			children = (
				46E1AFAA2A8140DA00482245 /* Memory Match */,
				46E1AFA92A8140DA00482245 /* Products */,
			);
			sourceTree = "<group>";
		};
		46E1AFA92A8140DA00482245 /* Products */ = {
			isa = PBXGroup;
			children = (
				46E1AFA82A8140DA00482245 /* Memory Match.app */,
			);
			name = Products;
			sourceTree = "<group>";
		};
		46E1AFAA2A8140DA00482245 /* Memory Match */ = {
			isa = PBXGroup;
			children = (
				46E1AFCB2A81421800482245 /* Resources */,
				46E1AFC62A8141AD00482245 /* Controllers */,
				46E1AFC32A81417900482245 /* Model */,
				46E1AFC02A81412500482245 /* View */,
				46E1AFBF2A81411300482245 /* Storyboard  */,
				46E1AFB92A8140DB00482245 /* Info.plist */,
			);
			path = "Memory Match";
			sourceTree = "<group>";
		};
		46E1AFBF2A81411300482245 /* Storyboard  */ = {
			isa = PBXGroup;
			children = (
				46E1AFB12A8140DA00482245 /* Main.storyboard */,
				46E1AFB62A8140DB00482245 /* LaunchScreen.storyboard */,
			);
			path = "Storyboard ";
			sourceTree = "<group>";
		};
		46E1AFC02A81412500482245 /* View */ = {
			isa = PBXGroup;
			children = (
				46E1AFC12A81416B00482245 /* CardCollectionViewCell.swift */,
			);
			path = View;
			sourceTree = "<group>";
		};
		46E1AFC32A81417900482245 /* Model */ = {
			isa = PBXGroup;
			children = (
				46E1AFC42A81418E00482245 /* Card.swift */,
			);
			path = Model;
			sourceTree = "<group>";
		};
		46E1AFC62A8141AD00482245 /* Controllers */ = {
			isa = PBXGroup;
			children = (
				46E1AFC82A8141CE00482245 /* ModelController */,
				46E1AFC72A8141B600482245 /* ViewController */,
			);
			path = Controllers;
			sourceTree = "<group>";
		};
		46E1AFC72A8141B600482245 /* ViewController */ = {
			isa = PBXGroup;
			children = (
				46E1AFAF2A8140DA00482245 /* ViewController.swift */,
			);
			path = ViewController;
			sourceTree = "<group>";
		};
		46E1AFC82A8141CE00482245 /* ModelController */ = {
			isa = PBXGroup;
			children = (
				46E1AFC92A8141E600482245 /* CardController.swift */,
			);
			path = ModelController;
			sourceTree = "<group>";
		};
		46E1AFCB2A81421800482245 /* Resources */ = {
			isa = PBXGroup;
			children = (
				46E1AFAB2A8140DA00482245 /* AppDelegate.swift */,
				46E1AFAD2A8140DA00482245 /* SceneDelegate.swift */,
				46E1AFB42A8140DB00482245 /* Assets.xcassets */,
			);
			path = Resources;
			sourceTree = "<group>";
		};
/* End PBXGroup section */

/* Begin PBXNativeTarget section */
		46E1AFA72A8140DA00482245 /* Memory Match */ = {
			isa = PBXNativeTarget;
			buildConfigurationList = 46E1AFBC2A8140DB00482245 /* Build configuration list for PBXNativeTarget "Memory Match" */;
			buildPhases = (
				46E1AFA42A8140DA00482245 /* Sources */,
				46E1AFA52A8140DA00482245 /* Frameworks */,
				46E1AFA62A8140DA00482245 /* Resources */,
			);
			buildRules = (
			);
			dependencies = (
			);
			name = "Memory Match";
			productName = "Memory Match";
			productReference = 46E1AFA82A8140DA00482245 /* Memory Match.app */;
			productType = "com.apple.product-type.application";
		};
/* End PBXNativeTarget section */

/* Begin PBXProject section */
		46E1AFA02A8140DA00482245 /* Project object */ = {
			isa = PBXProject;
			attributes = {
				BuildIndependentTargetsInParallel = 1;
				LastSwiftUpdateCheck = 1430;
				LastUpgradeCheck = 1430;
				TargetAttributes = {
					46E1AFA72A8140DA00482245 = {
						CreatedOnToolsVersion = 14.3;
					};
				};
			};
			buildConfigurationList = 46E1AFA32A8140DA00482245 /* Build configuration list for PBXProject "Memory Match" */;
			compatibilityVersion = "Xcode 14.0";
			developmentRegion = en;
			hasScannedForEncodings = 0;
			knownRegions = (
				en,
				Base,
			);
			mainGroup = 46E1AF9F2A8140DA00482245;
			productRefGroup = 46E1AFA92A8140DA00482245 /* Products */;
			projectDirPath = "";
			projectRoot = "";
			targets = (
				46E1AFA72A8140DA00482245 /* Memory Match */,
			);
		};
/* End PBXProject section */

/* Begin PBXResourcesBuildPhase section */
		46E1AFA62A8140DA00482245 /* Resources */ = {
			isa = PBXResourcesBuildPhase;
			buildActionMask = 2147483647;
			files = (
				46E1AFB82A8140DB00482245 /* LaunchScreen.storyboard in Resources */,
				46E1AFB52A8140DB00482245 /* Assets.xcassets in Resources */,
				46E1AFB32A8140DA00482245 /* Main.storyboard in Resources */,
			);
			runOnlyForDeploymentPostprocessing = 0;
		};
/* End PBXResourcesBuildPhase section */

/* Begin PBXSourcesBuildPhase section */
		46E1AFA42A8140DA00482245 /* Sources */ = {
			isa = PBXSourcesBuildPhase;
			buildActionMask = 2147483647;
			files = (
				46E1AFC22A81416B00482245 /* CardCollectionViewCell.swift in Sources */,
				46E1AFCA2A8141E600482245 /* CardController.swift in Sources */,
				46E1AFB02A8140DA00482245 /* ViewController.swift in Sources */,
				46E1AFC52A81418E00482245 /* Card.swift in Sources */,
				46E1AFAC2A8140DA00482245 /* AppDelegate.swift in Sources */,
				46E1AFAE2A8140DA00482245 /* SceneDelegate.swift in Sources */,
			);
			runOnlyForDeploymentPostprocessing = 0;
		};
/* End PBXSourcesBuildPhase section */

/* Begin PBXVariantGroup section */
		46E1AFB12A8140DA00482245 /* Main.storyboard */ = {
			isa = PBXVariantGroup;
			children = (
				46E1AFB22A8140DA00482245 /* Base */,
			);
			name = Main.storyboard;
			sourceTree = "<group>";
		};
		46E1AFB62A8140DB00482245 /* LaunchScreen.storyboard */ = {
			isa = PBXVariantGroup;
			children = (
				46E1AFB72A8140DB00482245 /* Base */,
			);
			name = LaunchScreen.storyboard;
			sourceTree = "<group>";
		};
/* End PBXVariantGroup section */

/* Begin XCBuildConfiguration section */
		46E1AFBA2A8140DB00482245 /* Debug */ = {
			isa = XCBuildConfiguration;
			buildSettings = {
				ALWAYS_SEARCH_USER_PATHS = NO;
				CLANG_ANALYZER_NONNULL = YES;
				CLANG_ANALYZER_NUMBER_OBJECT_CONVERSION = YES_AGGRESSIVE;
				CLANG_CXX_LANGUAGE_STANDARD = "gnu++20";
				CLANG_ENABLE_MODULES = YES;
				CLANG_ENABLE_OBJC_ARC = YES;
				CLANG_ENABLE_OBJC_WEAK = YES;
				CLANG_WARN_BLOCK_CAPTURE_AUTORELEASING = YES;
				CLANG_WARN_BOOL_CONVERSION = YES;
				CLANG_WARN_COMMA = YES;
				CLANG_WARN_CONSTANT_CONVERSION = YES;
				CLANG_WARN_DEPRECATED_OBJC_IMPLEMENTATIONS = YES;
				CLANG_WARN_DIRECT_OBJC_ISA_USAGE = YES_ERROR;
				CLANG_WARN_DOCUMENTATION_COMMENTS = YES;
				CLANG_WARN_EMPTY_BODY = YES;
				CLANG_WARN_ENUM_CONVERSION = YES;
				CLANG_WARN_INFINITE_RECURSION = YES;
				CLANG_WARN_INT_CONVERSION = YES;
				CLANG_WARN_NON_LITERAL_NULL_CONVERSION = YES;
				CLANG_WARN_OBJC_IMPLICIT_RETAIN_SELF = YES;
				CLANG_WARN_OBJC_LITERAL_CONVERSION = YES;
				CLANG_WARN_OBJC_ROOT_CLASS = YES_ERROR;
				CLANG_WARN_QUOTED_INCLUDE_IN_FRAMEWORK_HEADER = YES;
				CLANG_WARN_RANGE_LOOP_ANALYSIS = YES;
				CLANG_WARN_STRICT_PROTOTYPES = YES;
				CLANG_WARN_SUSPICIOUS_MOVE = YES;
				CLANG_WARN_UNGUARDED_AVAILABILITY = YES_AGGRESSIVE;
				CLANG_WARN_UNREACHABLE_CODE = YES;
				CLANG_WARN__DUPLICATE_METHOD_MATCH = YES;
				COPY_PHASE_STRIP = NO;
				DEBUG_INFORMATION_FORMAT = dwarf;
				ENABLE_STRICT_OBJC_MSGSEND = YES;
				ENABLE_TESTABILITY = YES;
				GCC_C_LANGUAGE_STANDARD = gnu11;
				GCC_DYNAMIC_NO_PIC = NO;
				GCC_NO_COMMON_BLOCKS = YES;
				GCC_OPTIMIZATION_LEVEL = 0;
				GCC_PREPROCESSOR_DEFINITIONS = (
					"DEBUG=1",
					"$(inherited)",
				);
				GCC_WARN_64_TO_32_BIT_CONVERSION = YES;
				GCC_WARN_ABOUT_RETURN_TYPE = YES_ERROR;
				GCC_WARN_UNDECLARED_SELECTOR = YES;
				GCC_WARN_UNINITIALIZED_AUTOS = YES_AGGRESSIVE;
				GCC_WARN_UNUSED_FUNCTION = YES;
				GCC_WARN_UNUSED_VARIABLE = YES;
				IPHONEOS_DEPLOYMENT_TARGET = 16.4;
				MTL_ENABLE_DEBUG_INFO = INCLUDE_SOURCE;
				MTL_FAST_MATH = YES;
				ONLY_ACTIVE_ARCH = YES;
				SDKROOT = iphoneos;
				SWIFT_ACTIVE_COMPILATION_CONDITIONS = DEBUG;
				SWIFT_OPTIMIZATION_LEVEL = "-Onone";
			};
			name = Debug;
		};
		46E1AFBB2A8140DB00482245 /* Release */ = {
			isa = XCBuildConfiguration;
			buildSettings = {
				ALWAYS_SEARCH_USER_PATHS = NO;
				CLANG_ANALYZER_NONNULL = YES;
				CLANG_ANALYZER_NUMBER_OBJECT_CONVERSION = YES_AGGRESSIVE;
				CLANG_CXX_LANGUAGE_STANDARD = "gnu++20";
				CLANG_ENABLE_MODULES = YES;
				CLANG_ENABLE_OBJC_ARC = YES;
				CLANG_ENABLE_OBJC_WEAK = YES;
				CLANG_WARN_BLOCK_CAPTURE_AUTORELEASING = YES;
				CLANG_WARN_BOOL_CONVERSION = YES;
				CLANG_WARN_COMMA = YES;
				CLANG_WARN_CONSTANT_CONVERSION = YES;
				CLANG_WARN_DEPRECATED_OBJC_IMPLEMENTATIONS = YES;
				CLANG_WARN_DIRECT_OBJC_ISA_USAGE = YES_ERROR;
				CLANG_WARN_DOCUMENTATION_COMMENTS = YES;
				CLANG_WARN_EMPTY_BODY = YES;
				CLANG_WARN_ENUM_CONVERSION = YES;
				CLANG_WARN_INFINITE_RECURSION = YES;
				CLANG_WARN_INT_CONVERSION = YES;
				CLANG_WARN_NON_LITERAL_NULL_CONVERSION = YES;
				CLANG_WARN_OBJC_IMPLICIT_RETAIN_SELF = YES;
				CLANG_WARN_OBJC_LITERAL_CONVERSION = YES;
				CLANG_WARN_OBJC_ROOT_CLASS = YES_ERROR;
				CLANG_WARN_QUOTED_INCLUDE_IN_FRAMEWORK_HEADER = YES;
				CLANG_WARN_RANGE_LOOP_ANALYSIS = YES;
				CLANG_WARN_STRICT_PROTOTYPES = YES;
				CLANG_WARN_SUSPICIOUS_MOVE = YES;
				CLANG_WARN_UNGUARDED_AVAILABILITY = YES_AGGRESSIVE;
				CLANG_WARN_UNREACHABLE_CODE = YES;
				CLANG_WARN__DUPLICATE_METHOD_MATCH = YES;
				COPY_PHASE_STRIP = NO;
				DEBUG_INFORMATION_FORMAT = "dwarf-with-dsym";
				ENABLE_NS_ASSERTIONS = NO;
				ENABLE_STRICT_OBJC_MSGSEND = YES;
				GCC_C_LANGUAGE_STANDARD = gnu11;
				GCC_NO_COMMON_BLOCKS = YES;
				GCC_WARN_64_TO_32_BIT_CONVERSION = YES;
				GCC_WARN_ABOUT_RETURN_TYPE = YES_ERROR;
				GCC_WARN_UNDECLARED_SELECTOR = YES;
				GCC_WARN_UNINITIALIZED_AUTOS = YES_AGGRESSIVE;
				GCC_WARN_UNUSED_FUNCTION = YES;
				GCC_WARN_UNUSED_VARIABLE = YES;
				IPHONEOS_DEPLOYMENT_TARGET = 16.4;
				MTL_ENABLE_DEBUG_INFO = NO;
				MTL_FAST_MATH = YES;
				SDKROOT = iphoneos;
				SWIFT_COMPILATION_MODE = wholemodule;
				SWIFT_OPTIMIZATION_LEVEL = "-O";
				VALIDATE_PRODUCT = YES;
			};
			name = Release;
		};
		46E1AFBD2A8140DB00482245 /* Debug */ = {
			isa = XCBuildConfiguration;
			buildSettings = {
				ASSETCATALOG_COMPILER_APPICON_NAME = AppIcon;
				ASSETCATALOG_COMPILER_GLOBAL_ACCENT_COLOR_NAME = AccentColor;
				CODE_SIGN_STYLE = Automatic;
				CURRENT_PROJECT_VERSION = 1;
				DEVELOPMENT_TEAM = 3WX9FH8392;
				GENERATE_INFOPLIST_FILE = YES;
				INFOPLIST_FILE = "Memory Match/Info.plist";
				INFOPLIST_KEY_UIApplicationSupportsIndirectInputEvents = YES;
				INFOPLIST_KEY_UILaunchStoryboardName = LaunchScreen;
				INFOPLIST_KEY_UIMainStoryboardFile = Main;
				INFOPLIST_KEY_UISupportedInterfaceOrientations_iPad = "UIInterfaceOrientationLandscapeLeft UIInterfaceOrientationLandscapeRight";
				LD_RUNPATH_SEARCH_PATHS = (
					"$(inherited)",
					"@executable_path/Frameworks",
				);
				MARKETING_VERSION = 1.0;
				PRODUCT_BUNDLE_IDENTIFIER = "com.lucas.Memory-Match";
				PRODUCT_NAME = "$(TARGET_NAME)";
				SWIFT_EMIT_LOC_STRINGS = YES;
				SWIFT_VERSION = 5.0;
				TARGETED_DEVICE_FAMILY = "1,2";
			};
			name = Debug;
		};
		46E1AFBE2A8140DB00482245 /* Release */ = {
			isa = XCBuildConfiguration;
			buildSettings = {
				ASSETCATALOG_COMPILER_APPICON_NAME = AppIcon;
				ASSETCATALOG_COMPILER_GLOBAL_ACCENT_COLOR_NAME = AccentColor;
				CODE_SIGN_STYLE = Automatic;
				CURRENT_PROJECT_VERSION = 1;
				DEVELOPMENT_TEAM = 3WX9FH8392;
				GENERATE_INFOPLIST_FILE = YES;
				INFOPLIST_FILE = "Memory Match/Info.plist";
				INFOPLIST_KEY_UIApplicationSupportsIndirectInputEvents = YES;
				INFOPLIST_KEY_UILaunchStoryboardName = LaunchScreen;
				INFOPLIST_KEY_UIMainStoryboardFile = Main;
				INFOPLIST_KEY_UISupportedInterfaceOrientations_iPad = "UIInterfaceOrientationLandscapeLeft UIInterfaceOrientationLandscapeRight";
				LD_RUNPATH_SEARCH_PATHS = (
					"$(inherited)",
					"@executable_path/Frameworks",
				);
				MARKETING_VERSION = 1.0;
				PRODUCT_BUNDLE_IDENTIFIER = "com.lucas.Memory-Match";
				PRODUCT_NAME = "$(TARGET_NAME)";
				SWIFT_EMIT_LOC_STRINGS = YES;
				SWIFT_VERSION = 5.0;
				TARGETED_DEVICE_FAMILY = "1,2";
			};
			name = Release;
		};
/* End XCBuildConfiguration section */

/* Begin XCConfigurationList section */
		46E1AFA32A8140DA00482245 /* Build configuration list for PBXProject "Memory Match" */ = {
			isa = XCConfigurationList;
			buildConfigurations = (
				46E1AFBA2A8140DB00482245 /* Debug */,
				46E1AFBB2A8140DB00482245 /* Release */,
			);
			defaultConfigurationIsVisible = 0;
			defaultConfigurationName = Release;
		};
		46E1AFBC2A8140DB00482245 /* Build configuration list for PBXNativeTarget "Memory Match" */ = {
			isa = XCConfigurationList;
			buildConfigurations = (
				46E1AFBD2A8140DB00482245 /* Debug */,
				46E1AFBE2A8140DB00482245 /* Release */,
			);
			defaultConfigurationIsVisible = 0;
			defaultConfigurationName = Release;
		};
/* End XCConfigurationList section */
	};
	rootObject = 46E1AFA02A8140DA00482245 /* Project object */;
}
