// !$*UTF8*$!
{
	archiveVersion = 1;
	classes = {
	};
	objectVersion = 56;
	objects = {

/* Begin PBXBuildFile section */
		46451A362A3E4CEB00243139 /* CountryModel.swift in Sources */ = {isa = PBXBuildFile; fileRef = 46451A352A3E4CEB00243139 /* CountryModel.swift */; };
		466B5F522A3E460700E09F6F /* HomeViewController.swift in Sources */ = {isa = PBXBuildFile; fileRef = 466B5F512A3E460700E09F6F /* HomeViewController.swift */; };
		46A929A32A3CA5F5003C8B03 /* AppDelegate.swift in Sources */ = {isa = PBXBuildFile; fileRef = 46A929A22A3CA5F5003C8B03 /* AppDelegate.swift */; };
		46A929A52A3CA5F5003C8B03 /* SceneDelegate.swift in Sources */ = {isa = PBXBuildFile; fileRef = 46A929A42A3CA5F5003C8B03 /* SceneDelegate.swift */; };
		46A929AA2A3CA5F5003C8B03 /* Main.storyboard in Resources */ = {isa = PBXBuildFile; fileRef = 46A929A82A3CA5F5003C8B03 /* Main.storyboard */; };
		46A929AC2A3CA5F6003C8B03 /* Assets.xcassets in Resources */ = {isa = PBXBuildFile; fileRef = 46A929AB2A3CA5F6003C8B03 /* Assets.xcassets */; };
		46A929AF2A3CA5F6003C8B03 /* LaunchScreen.storyboard in Resources */ = {isa = PBXBuildFile; fileRef = 46A929AD2A3CA5F6003C8B03 /* LaunchScreen.storyboard */; };
		46A929B72A3CA8F3003C8B03 /* DetailViewController.swift in Sources */ = {isa = PBXBuildFile; fileRef = 46A929B62A3CA8F3003C8B03 /* DetailViewController.swift */; };
/* End PBXBuildFile section */

/* Begin PBXFileReference section */
		46451A352A3E4CEB00243139 /* CountryModel.swift */ = {isa = PBXFileReference; lastKnownFileType = sourcecode.swift; path = CountryModel.swift; sourceTree = "<group>"; };
		466B5F512A3E460700E09F6F /* HomeViewController.swift */ = {isa = PBXFileReference; lastKnownFileType = sourcecode.swift; path = HomeViewController.swift; sourceTree = "<group>"; };
		46A9299F2A3CA5F5003C8B03 /* Challenge Milestone 13 - 15.app */ = {isa = PBXFileReference; explicitFileType = wrapper.application; includeInIndex = 0; path = "Challenge Milestone 13 - 15.app"; sourceTree = BUILT_PRODUCTS_DIR; };
		46A929A22A3CA5F5003C8B03 /* AppDelegate.swift */ = {isa = PBXFileReference; lastKnownFileType = sourcecode.swift; path = AppDelegate.swift; sourceTree = "<group>"; };
		46A929A42A3CA5F5003C8B03 /* SceneDelegate.swift */ = {isa = PBXFileReference; lastKnownFileType = sourcecode.swift; path = SceneDelegate.swift; sourceTree = "<group>"; };
		46A929A92A3CA5F5003C8B03 /* Base */ = {isa = PBXFileReference; lastKnownFileType = file.storyboard; name = Base; path = Base.lproj/Main.storyboard; sourceTree = "<group>"; };
		46A929AB2A3CA5F6003C8B03 /* Assets.xcassets */ = {isa = PBXFileReference; lastKnownFileType = folder.assetcatalog; path = Assets.xcassets; sourceTree = "<group>"; };
		46A929AE2A3CA5F6003C8B03 /* Base */ = {isa = PBXFileReference; lastKnownFileType = file.storyboard; name = Base; path = Base.lproj/LaunchScreen.storyboard; sourceTree = "<group>"; };
		46A929B02A3CA5F6003C8B03 /* Info.plist */ = {isa = PBXFileReference; lastKnownFileType = text.plist.xml; path = Info.plist; sourceTree = "<group>"; };
		46A929B62A3CA8F3003C8B03 /* DetailViewController.swift */ = {isa = PBXFileReference; lastKnownFileType = sourcecode.swift; path = DetailViewController.swift; sourceTree = "<group>"; };
/* End PBXFileReference section */

/* Begin PBXFrameworksBuildPhase section */
		46A9299C2A3CA5F5003C8B03 /* Frameworks */ = {
			isa = PBXFrameworksBuildPhase;
			buildActionMask = 2147483647;
			files = (
			);
			runOnlyForDeploymentPostprocessing = 0;
		};
/* End PBXFrameworksBuildPhase section */

/* Begin PBXGroup section */
		46A929962A3CA5F5003C8B03 = {
			isa = PBXGroup;
			children = (
				46A929A12A3CA5F5003C8B03 /* Challenge Milestone 13 - 15 */,
				46A929A02A3CA5F5003C8B03 /* Products */,
			);
			sourceTree = "<group>";
		};
		46A929A02A3CA5F5003C8B03 /* Products */ = {
			isa = PBXGroup;
			children = (
				46A9299F2A3CA5F5003C8B03 /* Challenge Milestone 13 - 15.app */,
			);
			name = Products;
			sourceTree = "<group>";
		};
		46A929A12A3CA5F5003C8B03 /* Challenge Milestone 13 - 15 */ = {
			isa = PBXGroup;
			children = (
				46A929A22A3CA5F5003C8B03 /* AppDelegate.swift */,
				46A929A42A3CA5F5003C8B03 /* SceneDelegate.swift */,
				46A929B62A3CA8F3003C8B03 /* DetailViewController.swift */,
				466B5F512A3E460700E09F6F /* HomeViewController.swift */,
				46451A352A3E4CEB00243139 /* CountryModel.swift */,
				46A929A82A3CA5F5003C8B03 /* Main.storyboard */,
				46A929AB2A3CA5F6003C8B03 /* Assets.xcassets */,
				46A929AD2A3CA5F6003C8B03 /* LaunchScreen.storyboard */,
				46A929B02A3CA5F6003C8B03 /* Info.plist */,
			);
			path = "Challenge Milestone 13 - 15";
			sourceTree = "<group>";
		};
/* End PBXGroup section */

/* Begin PBXNativeTarget section */
		46A9299E2A3CA5F5003C8B03 /* Challenge Milestone 13 - 15 */ = {
			isa = PBXNativeTarget;
			buildConfigurationList = 46A929B32A3CA5F6003C8B03 /* Build configuration list for PBXNativeTarget "Challenge Milestone 13 - 15" */;
			buildPhases = (
				46A9299B2A3CA5F5003C8B03 /* Sources */,
				46A9299C2A3CA5F5003C8B03 /* Frameworks */,
				46A9299D2A3CA5F5003C8B03 /* Resources */,
			);
			buildRules = (
			);
			dependencies = (
			);
			name = "Challenge Milestone 13 - 15";
			productName = "Challenge Milestone 13 - 15";
			productReference = 46A9299F2A3CA5F5003C8B03 /* Challenge Milestone 13 - 15.app */;
			productType = "com.apple.product-type.application";
		};
/* End PBXNativeTarget section */

/* Begin PBXProject section */
		46A929972A3CA5F5003C8B03 /* Project object */ = {
			isa = PBXProject;
			attributes = {
				BuildIndependentTargetsInParallel = 1;
				LastSwiftUpdateCheck = 1430;
				LastUpgradeCheck = 1430;
				TargetAttributes = {
					46A9299E2A3CA5F5003C8B03 = {
						CreatedOnToolsVersion = 14.3;
					};
				};
			};
			buildConfigurationList = 46A9299A2A3CA5F5003C8B03 /* Build configuration list for PBXProject "Challenge Milestone 13 - 15" */;
			compatibilityVersion = "Xcode 14.0";
			developmentRegion = en;
			hasScannedForEncodings = 0;
			knownRegions = (
				en,
				Base,
			);
			mainGroup = 46A929962A3CA5F5003C8B03;
			productRefGroup = 46A929A02A3CA5F5003C8B03 /* Products */;
			projectDirPath = "";
			projectRoot = "";
			targets = (
				46A9299E2A3CA5F5003C8B03 /* Challenge Milestone 13 - 15 */,
			);
		};
/* End PBXProject section */

/* Begin PBXResourcesBuildPhase section */
		46A9299D2A3CA5F5003C8B03 /* Resources */ = {
			isa = PBXResourcesBuildPhase;
			buildActionMask = 2147483647;
			files = (
				46A929AF2A3CA5F6003C8B03 /* LaunchScreen.storyboard in Resources */,
				46A929AC2A3CA5F6003C8B03 /* Assets.xcassets in Resources */,
				46A929AA2A3CA5F5003C8B03 /* Main.storyboard in Resources */,
			);
			runOnlyForDeploymentPostprocessing = 0;
		};
/* End PBXResourcesBuildPhase section */

/* Begin PBXSourcesBuildPhase section */
		46A9299B2A3CA5F5003C8B03 /* Sources */ = {
			isa = PBXSourcesBuildPhase;
			buildActionMask = 2147483647;
			files = (
				46A929A32A3CA5F5003C8B03 /* AppDelegate.swift in Sources */,
				466B5F522A3E460700E09F6F /* HomeViewController.swift in Sources */,
				46A929A52A3CA5F5003C8B03 /* SceneDelegate.swift in Sources */,
				46A929B72A3CA8F3003C8B03 /* DetailViewController.swift in Sources */,
				46451A362A3E4CEB00243139 /* CountryModel.swift in Sources */,
			);
			runOnlyForDeploymentPostprocessing = 0;
		};
/* End PBXSourcesBuildPhase section */

/* Begin PBXVariantGroup section */
		46A929A82A3CA5F5003C8B03 /* Main.storyboard */ = {
			isa = PBXVariantGroup;
			children = (
				46A929A92A3CA5F5003C8B03 /* Base */,
			);
			name = Main.storyboard;
			sourceTree = "<group>";
		};
		46A929AD2A3CA5F6003C8B03 /* LaunchScreen.storyboard */ = {
			isa = PBXVariantGroup;
			children = (
				46A929AE2A3CA5F6003C8B03 /* Base */,
			);
			name = LaunchScreen.storyboard;
			sourceTree = "<group>";
		};
/* End PBXVariantGroup section */

/* Begin XCBuildConfiguration section */
		46A929B12A3CA5F6003C8B03 /* Debug */ = {
			isa = XCBuildConfiguration;
			buildSettings = {
				ALWAYS_SEARCH_USER_PATHS = NO;
				CLANG_ANALYZER_NONNULL = YES;
				CLANG_ANALYZER_NUMBER_OBJECT_CONVERSION = YES_AGGRESSIVE;
				CLANG_CXX_LANGUAGE_STANDARD = "gnu++20";
				CLANG_ENABLE_MODULES = YES;
				CLANG_ENABLE_OBJC_ARC = YES;
				CLANG_ENABLE_OBJC_WEAK = YES;
				CLANG_WARN_BLOCK_CAPTURE_AUTORELEASING = YES;
				CLANG_WARN_BOOL_CONVERSION = YES;
				CLANG_WARN_COMMA = YES;
				CLANG_WARN_CONSTANT_CONVERSION = YES;
				CLANG_WARN_DEPRECATED_OBJC_IMPLEMENTATIONS = YES;
				CLANG_WARN_DIRECT_OBJC_ISA_USAGE = YES_ERROR;
				CLANG_WARN_DOCUMENTATION_COMMENTS = YES;
				CLANG_WARN_EMPTY_BODY = YES;
				CLANG_WARN_ENUM_CONVERSION = YES;
				CLANG_WARN_INFINITE_RECURSION = YES;
				CLANG_WARN_INT_CONVERSION = YES;
				CLANG_WARN_NON_LITERAL_NULL_CONVERSION = YES;
				CLANG_WARN_OBJC_IMPLICIT_RETAIN_SELF = YES;
				CLANG_WARN_OBJC_LITERAL_CONVERSION = YES;
				CLANG_WARN_OBJC_ROOT_CLASS = YES_ERROR;
				CLANG_WARN_QUOTED_INCLUDE_IN_FRAMEWORK_HEADER = YES;
				CLANG_WARN_RANGE_LOOP_ANALYSIS = YES;
				CLANG_WARN_STRICT_PROTOTYPES = YES;
				CLANG_WARN_SUSPICIOUS_MOVE = YES;
				CLANG_WARN_UNGUARDED_AVAILABILITY = YES_AGGRESSIVE;
				CLANG_WARN_UNREACHABLE_CODE = YES;
				CLANG_WARN__DUPLICATE_METHOD_MATCH = YES;
				COPY_PHASE_STRIP = NO;
				DEBUG_INFORMATION_FORMAT = dwarf;
				ENABLE_STRICT_OBJC_MSGSEND = YES;
				ENABLE_TESTABILITY = YES;
				GCC_C_LANGUAGE_STANDARD = gnu11;
				GCC_DYNAMIC_NO_PIC = NO;
				GCC_NO_COMMON_BLOCKS = YES;
				GCC_OPTIMIZATION_LEVEL = 0;
				GCC_PREPROCESSOR_DEFINITIONS = (
					"DEBUG=1",
					"$(inherited)",
				);
				GCC_WARN_64_TO_32_BIT_CONVERSION = YES;
				GCC_WARN_ABOUT_RETURN_TYPE = YES_ERROR;
				GCC_WARN_UNDECLARED_SELECTOR = YES;
				GCC_WARN_UNINITIALIZED_AUTOS = YES_AGGRESSIVE;
				GCC_WARN_UNUSED_FUNCTION = YES;
				GCC_WARN_UNUSED_VARIABLE = YES;
				IPHONEOS_DEPLOYMENT_TARGET = 16.4;
				MTL_ENABLE_DEBUG_INFO = INCLUDE_SOURCE;
				MTL_FAST_MATH = YES;
				ONLY_ACTIVE_ARCH = YES;
				SDKROOT = iphoneos;
				SWIFT_ACTIVE_COMPILATION_CONDITIONS = DEBUG;
				SWIFT_OPTIMIZATION_LEVEL = "-Onone";
			};
			name = Debug;
		};
		46A929B22A3CA5F6003C8B03 /* Release */ = {
			isa = XCBuildConfiguration;
			buildSettings = {
				ALWAYS_SEARCH_USER_PATHS = NO;
				CLANG_ANALYZER_NONNULL = YES;
				CLANG_ANALYZER_NUMBER_OBJECT_CONVERSION = YES_AGGRESSIVE;
				CLANG_CXX_LANGUAGE_STANDARD = "gnu++20";
				CLANG_ENABLE_MODULES = YES;
				CLANG_ENABLE_OBJC_ARC = YES;
				CLANG_ENABLE_OBJC_WEAK = YES;
				CLANG_WARN_BLOCK_CAPTURE_AUTORELEASING = YES;
				CLANG_WARN_BOOL_CONVERSION = YES;
				CLANG_WARN_COMMA = YES;
				CLANG_WARN_CONSTANT_CONVERSION = YES;
				CLANG_WARN_DEPRECATED_OBJC_IMPLEMENTATIONS = YES;
				CLANG_WARN_DIRECT_OBJC_ISA_USAGE = YES_ERROR;
				CLANG_WARN_DOCUMENTATION_COMMENTS = YES;
				CLANG_WARN_EMPTY_BODY = YES;
				CLANG_WARN_ENUM_CONVERSION = YES;
				CLANG_WARN_INFINITE_RECURSION = YES;
				CLANG_WARN_INT_CONVERSION = YES;
				CLANG_WARN_NON_LITERAL_NULL_CONVERSION = YES;
				CLANG_WARN_OBJC_IMPLICIT_RETAIN_SELF = YES;
				CLANG_WARN_OBJC_LITERAL_CONVERSION = YES;
				CLANG_WARN_OBJC_ROOT_CLASS = YES_ERROR;
				CLANG_WARN_QUOTED_INCLUDE_IN_FRAMEWORK_HEADER = YES;
				CLANG_WARN_RANGE_LOOP_ANALYSIS = YES;
				CLANG_WARN_STRICT_PROTOTYPES = YES;
				CLANG_WARN_SUSPICIOUS_MOVE = YES;
				CLANG_WARN_UNGUARDED_AVAILABILITY = YES_AGGRESSIVE;
				CLANG_WARN_UNREACHABLE_CODE = YES;
				CLANG_WARN__DUPLICATE_METHOD_MATCH = YES;
				COPY_PHASE_STRIP = NO;
				DEBUG_INFORMATION_FORMAT = "dwarf-with-dsym";
				ENABLE_NS_ASSERTIONS = NO;
				ENABLE_STRICT_OBJC_MSGSEND = YES;
				GCC_C_LANGUAGE_STANDARD = gnu11;
				GCC_NO_COMMON_BLOCKS = YES;
				GCC_WARN_64_TO_32_BIT_CONVERSION = YES;
				GCC_WARN_ABOUT_RETURN_TYPE = YES_ERROR;
				GCC_WARN_UNDECLARED_SELECTOR = YES;
				GCC_WARN_UNINITIALIZED_AUTOS = YES_AGGRESSIVE;
				GCC_WARN_UNUSED_FUNCTION = YES;
				GCC_WARN_UNUSED_VARIABLE = YES;
				IPHONEOS_DEPLOYMENT_TARGET = 16.4;
				MTL_ENABLE_DEBUG_INFO = NO;
				MTL_FAST_MATH = YES;
				SDKROOT = iphoneos;
				SWIFT_COMPILATION_MODE = wholemodule;
				SWIFT_OPTIMIZATION_LEVEL = "-O";
				VALIDATE_PRODUCT = YES;
			};
			name = Release;
		};
		46A929B42A3CA5F6003C8B03 /* Debug */ = {
			isa = XCBuildConfiguration;
			buildSettings = {
				ASSETCATALOG_COMPILER_APPICON_NAME = AppIcon;
				ASSETCATALOG_COMPILER_GLOBAL_ACCENT_COLOR_NAME = AccentColor;
				CODE_SIGN_STYLE = Automatic;
				CURRENT_PROJECT_VERSION = 1;
				DEVELOPMENT_TEAM = 3WX9FH8392;
				GENERATE_INFOPLIST_FILE = YES;
				INFOPLIST_FILE = "Challenge Milestone 13 - 15/Info.plist";
				INFOPLIST_KEY_UIApplicationSupportsIndirectInputEvents = YES;
				INFOPLIST_KEY_UILaunchStoryboardName = LaunchScreen;
				INFOPLIST_KEY_UIMainStoryboardFile = Main;
				INFOPLIST_KEY_UISupportedInterfaceOrientations_iPad = "UIInterfaceOrientationPortrait UIInterfaceOrientationPortraitUpsideDown UIInterfaceOrientationLandscapeLeft UIInterfaceOrientationLandscapeRight";
				INFOPLIST_KEY_UISupportedInterfaceOrientations_iPhone = "UIInterfaceOrientationPortrait UIInterfaceOrientationLandscapeLeft UIInterfaceOrientationLandscapeRight";
				LD_RUNPATH_SEARCH_PATHS = (
					"$(inherited)",
					"@executable_path/Frameworks",
				);
				MARKETING_VERSION = 1.0;
				PRODUCT_BUNDLE_IDENTIFIER = "com.lucas.Challenge-Milestone-13---15";
				PRODUCT_NAME = "$(TARGET_NAME)";
				SWIFT_EMIT_LOC_STRINGS = YES;
				SWIFT_VERSION = 5.0;
				TARGETED_DEVICE_FAMILY = "1,2";
			};
			name = Debug;
		};
		46A929B52A3CA5F6003C8B03 /* Release */ = {
			isa = XCBuildConfiguration;
			buildSettings = {
				ASSETCATALOG_COMPILER_APPICON_NAME = AppIcon;
				ASSETCATALOG_COMPILER_GLOBAL_ACCENT_COLOR_NAME = AccentColor;
				CODE_SIGN_STYLE = Automatic;
				CURRENT_PROJECT_VERSION = 1;
				DEVELOPMENT_TEAM = 3WX9FH8392;
				GENERATE_INFOPLIST_FILE = YES;
				INFOPLIST_FILE = "Challenge Milestone 13 - 15/Info.plist";
				INFOPLIST_KEY_UIApplicationSupportsIndirectInputEvents = YES;
				INFOPLIST_KEY_UILaunchStoryboardName = LaunchScreen;
				INFOPLIST_KEY_UIMainStoryboardFile = Main;
				INFOPLIST_KEY_UISupportedInterfaceOrientations_iPad = "UIInterfaceOrientationPortrait UIInterfaceOrientationPortraitUpsideDown UIInterfaceOrientationLandscapeLeft UIInterfaceOrientationLandscapeRight";
				INFOPLIST_KEY_UISupportedInterfaceOrientations_iPhone = "UIInterfaceOrientationPortrait UIInterfaceOrientationLandscapeLeft UIInterfaceOrientationLandscapeRight";
				LD_RUNPATH_SEARCH_PATHS = (
					"$(inherited)",
					"@executable_path/Frameworks",
				);
				MARKETING_VERSION = 1.0;
				PRODUCT_BUNDLE_IDENTIFIER = "com.lucas.Challenge-Milestone-13---15";
				PRODUCT_NAME = "$(TARGET_NAME)";
				SWIFT_EMIT_LOC_STRINGS = YES;
				SWIFT_VERSION = 5.0;
				TARGETED_DEVICE_FAMILY = "1,2";
			};
			name = Release;
		};
/* End XCBuildConfiguration section */

/* Begin XCConfigurationList section */
		46A9299A2A3CA5F5003C8B03 /* Build configuration list for PBXProject "Challenge Milestone 13 - 15" */ = {
			isa = XCConfigurationList;
			buildConfigurations = (
				46A929B12A3CA5F6003C8B03 /* Debug */,
				46A929B22A3CA5F6003C8B03 /* Release */,
			);
			defaultConfigurationIsVisible = 0;
			defaultConfigurationName = Release;
		};
		46A929B32A3CA5F6003C8B03 /* Build configuration list for PBXNativeTarget "Challenge Milestone 13 - 15" */ = {
			isa = XCConfigurationList;
			buildConfigurations = (
				46A929B42A3CA5F6003C8B03 /* Debug */,
				46A929B52A3CA5F6003C8B03 /* Release */,
			);
			defaultConfigurationIsVisible = 0;
			defaultConfigurationName = Release;
		};
/* End XCConfigurationList section */
	};
	rootObject = 46A929972A3CA5F5003C8B03 /* Project object */;
}
