// !$*UTF8*$!
{
	archiveVersion = 1;
	classes = {
	};
	objectVersion = 56;
	objects = {

/* Begin PBXBuildFile section */
		4673265D2A00049500AAF277 /* DetailViewController.swift in Sources */ = {isa = PBXBuildFile; fileRef = 4673265C2A00049500AAF277 /* DetailViewController.swift */; };
		467F83C129FFF7A900EB5134 /* AppDelegate.swift in Sources */ = {isa = PBXBuildFile; fileRef = 467F83C029FFF7A900EB5134 /* AppDelegate.swift */; };
		467F83C329FFF7A900EB5134 /* SceneDelegate.swift in Sources */ = {isa = PBXBuildFile; fileRef = 467F83C229FFF7A900EB5134 /* SceneDelegate.swift */; };
		467F83C529FFF7A900EB5134 /* ViewController.swift in Sources */ = {isa = PBXBuildFile; fileRef = 467F83C429FFF7A900EB5134 /* ViewController.swift */; };
		467F83C829FFF7A900EB5134 /* Main.storyboard in Resources */ = {isa = PBXBuildFile; fileRef = 467F83C629FFF7A900EB5134 /* Main.storyboard */; };
		467F83CA29FFF7AA00EB5134 /* Assets.xcassets in Resources */ = {isa = PBXBuildFile; fileRef = 467F83C929FFF7AA00EB5134 /* Assets.xcassets */; };
		467F83CD29FFF7AA00EB5134 /* LaunchScreen.storyboard in Resources */ = {isa = PBXBuildFile; fileRef = 467F83CB29FFF7AA00EB5134 /* LaunchScreen.storyboard */; };
		467F83ED29FFFBC500EB5134 /* spain@2x.png in Resources */ = {isa = PBXBuildFile; fileRef = 467F83D529FFFBC500EB5134 /* spain@2x.png */; };
		467F83EE29FFFBC500EB5134 /* nigeria@2x.png in Resources */ = {isa = PBXBuildFile; fileRef = 467F83D629FFFBC500EB5134 /* nigeria@2x.png */; };
		467F83EF29FFFBC500EB5134 /* nigeria@3x.png in Resources */ = {isa = PBXBuildFile; fileRef = 467F83D729FFFBC500EB5134 /* nigeria@3x.png */; };
		467F83F029FFFBC500EB5134 /* spain@3x.png in Resources */ = {isa = PBXBuildFile; fileRef = 467F83D829FFFBC500EB5134 /* spain@3x.png */; };
		467F83F129FFFBC500EB5134 /* italy@3x.png in Resources */ = {isa = PBXBuildFile; fileRef = 467F83D929FFFBC500EB5134 /* italy@3x.png */; };
		467F83F229FFFBC500EB5134 /* ireland@2x.png in Resources */ = {isa = PBXBuildFile; fileRef = 467F83DA29FFFBC500EB5134 /* ireland@2x.png */; };
		467F83F329FFFBC500EB5134 /* germany@3x.png in Resources */ = {isa = PBXBuildFile; fileRef = 467F83DB29FFFBC500EB5134 /* germany@3x.png */; };
		467F83F429FFFBC500EB5134 /* germany@2x.png in Resources */ = {isa = PBXBuildFile; fileRef = 467F83DC29FFFBC500EB5134 /* germany@2x.png */; };
		467F83F529FFFBC500EB5134 /* ireland@3x.png in Resources */ = {isa = PBXBuildFile; fileRef = 467F83DD29FFFBC500EB5134 /* ireland@3x.png */; };
		467F83F629FFFBC500EB5134 /* italy@2x.png in Resources */ = {isa = PBXBuildFile; fileRef = 467F83DE29FFFBC500EB5134 /* italy@2x.png */; };
		467F83F729FFFBC500EB5134 /* poland@2x.png in Resources */ = {isa = PBXBuildFile; fileRef = 467F83DF29FFFBC500EB5134 /* poland@2x.png */; };
		467F83F829FFFBC500EB5134 /* russia@2x.png in Resources */ = {isa = PBXBuildFile; fileRef = 467F83E029FFFBC500EB5134 /* russia@2x.png */; };
		467F83F929FFFBC500EB5134 /* estonia@2x.png in Resources */ = {isa = PBXBuildFile; fileRef = 467F83E129FFFBC500EB5134 /* estonia@2x.png */; };
		467F83FA29FFFBC500EB5134 /* estonia@3x.png in Resources */ = {isa = PBXBuildFile; fileRef = 467F83E229FFFBC500EB5134 /* estonia@3x.png */; };
		467F83FB29FFFBC500EB5134 /* russia@3x.png in Resources */ = {isa = PBXBuildFile; fileRef = 467F83E329FFFBC500EB5134 /* russia@3x.png */; };
		467F83FC29FFFBC500EB5134 /* poland@3x.png in Resources */ = {isa = PBXBuildFile; fileRef = 467F83E429FFFBC500EB5134 /* poland@3x.png */; };
		467F83FD29FFFBC500EB5134 /* uk@3x.png in Resources */ = {isa = PBXBuildFile; fileRef = 467F83E529FFFBC500EB5134 /* uk@3x.png */; };
		467F83FE29FFFBC500EB5134 /* us@3x.png in Resources */ = {isa = PBXBuildFile; fileRef = 467F83E629FFFBC500EB5134 /* us@3x.png */; };
		467F83FF29FFFBC500EB5134 /* france@3x.png in Resources */ = {isa = PBXBuildFile; fileRef = 467F83E729FFFBC500EB5134 /* france@3x.png */; };
		467F840029FFFBC500EB5134 /* monaco@2x.png in Resources */ = {isa = PBXBuildFile; fileRef = 467F83E829FFFBC500EB5134 /* monaco@2x.png */; };
		467F840129FFFBC500EB5134 /* monaco@3x.png in Resources */ = {isa = PBXBuildFile; fileRef = 467F83E929FFFBC500EB5134 /* monaco@3x.png */; };
		467F840229FFFBC500EB5134 /* france@2x.png in Resources */ = {isa = PBXBuildFile; fileRef = 467F83EA29FFFBC500EB5134 /* france@2x.png */; };
		467F840329FFFBC500EB5134 /* us@2x.png in Resources */ = {isa = PBXBuildFile; fileRef = 467F83EB29FFFBC500EB5134 /* us@2x.png */; };
		467F840429FFFBC500EB5134 /* uk@2x.png in Resources */ = {isa = PBXBuildFile; fileRef = 467F83EC29FFFBC500EB5134 /* uk@2x.png */; };
/* End PBXBuildFile section */

/* Begin PBXFileReference section */
		4673265C2A00049500AAF277 /* DetailViewController.swift */ = {isa = PBXFileReference; lastKnownFileType = sourcecode.swift; path = DetailViewController.swift; sourceTree = "<group>"; };
		467F83BD29FFF7A900EB5134 /* Challenge.app */ = {isa = PBXFileReference; explicitFileType = wrapper.application; includeInIndex = 0; path = Challenge.app; sourceTree = BUILT_PRODUCTS_DIR; };
		467F83C029FFF7A900EB5134 /* AppDelegate.swift */ = {isa = PBXFileReference; lastKnownFileType = sourcecode.swift; path = AppDelegate.swift; sourceTree = "<group>"; };
		467F83C229FFF7A900EB5134 /* SceneDelegate.swift */ = {isa = PBXFileReference; lastKnownFileType = sourcecode.swift; path = SceneDelegate.swift; sourceTree = "<group>"; };
		467F83C429FFF7A900EB5134 /* ViewController.swift */ = {isa = PBXFileReference; lastKnownFileType = sourcecode.swift; path = ViewController.swift; sourceTree = "<group>"; };
		467F83C729FFF7A900EB5134 /* Base */ = {isa = PBXFileReference; lastKnownFileType = file.storyboard; name = Base; path = Base.lproj/Main.storyboard; sourceTree = "<group>"; };
		467F83C929FFF7AA00EB5134 /* Assets.xcassets */ = {isa = PBXFileReference; lastKnownFileType = folder.assetcatalog; path = Assets.xcassets; sourceTree = "<group>"; };
		467F83CC29FFF7AA00EB5134 /* Base */ = {isa = PBXFileReference; lastKnownFileType = file.storyboard; name = Base; path = Base.lproj/LaunchScreen.storyboard; sourceTree = "<group>"; };
		467F83CE29FFF7AA00EB5134 /* Info.plist */ = {isa = PBXFileReference; lastKnownFileType = text.plist.xml; path = Info.plist; sourceTree = "<group>"; };
		467F83D529FFFBC500EB5134 /* spain@2x.png */ = {isa = PBXFileReference; lastKnownFileType = image.png; path = "spain@2x.png"; sourceTree = "<group>"; };
		467F83D629FFFBC500EB5134 /* nigeria@2x.png */ = {isa = PBXFileReference; lastKnownFileType = image.png; path = "nigeria@2x.png"; sourceTree = "<group>"; };
		467F83D729FFFBC500EB5134 /* nigeria@3x.png */ = {isa = PBXFileReference; lastKnownFileType = image.png; path = "nigeria@3x.png"; sourceTree = "<group>"; };
		467F83D829FFFBC500EB5134 /* spain@3x.png */ = {isa = PBXFileReference; lastKnownFileType = image.png; path = "spain@3x.png"; sourceTree = "<group>"; };
		467F83D929FFFBC500EB5134 /* italy@3x.png */ = {isa = PBXFileReference; lastKnownFileType = image.png; path = "italy@3x.png"; sourceTree = "<group>"; };
		467F83DA29FFFBC500EB5134 /* ireland@2x.png */ = {isa = PBXFileReference; lastKnownFileType = image.png; path = "ireland@2x.png"; sourceTree = "<group>"; };
		467F83DB29FFFBC500EB5134 /* germany@3x.png */ = {isa = PBXFileReference; lastKnownFileType = image.png; path = "germany@3x.png"; sourceTree = "<group>"; };
		467F83DC29FFFBC500EB5134 /* germany@2x.png */ = {isa = PBXFileReference; lastKnownFileType = image.png; path = "germany@2x.png"; sourceTree = "<group>"; };
		467F83DD29FFFBC500EB5134 /* ireland@3x.png */ = {isa = PBXFileReference; lastKnownFileType = image.png; path = "ireland@3x.png"; sourceTree = "<group>"; };
		467F83DE29FFFBC500EB5134 /* italy@2x.png */ = {isa = PBXFileReference; lastKnownFileType = image.png; path = "italy@2x.png"; sourceTree = "<group>"; };
		467F83DF29FFFBC500EB5134 /* poland@2x.png */ = {isa = PBXFileReference; lastKnownFileType = image.png; path = "poland@2x.png"; sourceTree = "<group>"; };
		467F83E029FFFBC500EB5134 /* russia@2x.png */ = {isa = PBXFileReference; lastKnownFileType = image.png; path = "russia@2x.png"; sourceTree = "<group>"; };
		467F83E129FFFBC500EB5134 /* estonia@2x.png */ = {isa = PBXFileReference; lastKnownFileType = image.png; path = "estonia@2x.png"; sourceTree = "<group>"; };
		467F83E229FFFBC500EB5134 /* estonia@3x.png */ = {isa = PBXFileReference; lastKnownFileType = image.png; path = "estonia@3x.png"; sourceTree = "<group>"; };
		467F83E329FFFBC500EB5134 /* russia@3x.png */ = {isa = PBXFileReference; lastKnownFileType = image.png; path = "russia@3x.png"; sourceTree = "<group>"; };
		467F83E429FFFBC500EB5134 /* poland@3x.png */ = {isa = PBXFileReference; lastKnownFileType = image.png; path = "poland@3x.png"; sourceTree = "<group>"; };
		467F83E529FFFBC500EB5134 /* uk@3x.png */ = {isa = PBXFileReference; lastKnownFileType = image.png; path = "uk@3x.png"; sourceTree = "<group>"; };
		467F83E629FFFBC500EB5134 /* us@3x.png */ = {isa = PBXFileReference; lastKnownFileType = image.png; path = "us@3x.png"; sourceTree = "<group>"; };
		467F83E729FFFBC500EB5134 /* france@3x.png */ = {isa = PBXFileReference; lastKnownFileType = image.png; path = "france@3x.png"; sourceTree = "<group>"; };
		467F83E829FFFBC500EB5134 /* monaco@2x.png */ = {isa = PBXFileReference; lastKnownFileType = image.png; path = "monaco@2x.png"; sourceTree = "<group>"; };
		467F83E929FFFBC500EB5134 /* monaco@3x.png */ = {isa = PBXFileReference; lastKnownFileType = image.png; path = "monaco@3x.png"; sourceTree = "<group>"; };
		467F83EA29FFFBC500EB5134 /* france@2x.png */ = {isa = PBXFileReference; lastKnownFileType = image.png; path = "france@2x.png"; sourceTree = "<group>"; };
		467F83EB29FFFBC500EB5134 /* us@2x.png */ = {isa = PBXFileReference; lastKnownFileType = image.png; path = "us@2x.png"; sourceTree = "<group>"; };
		467F83EC29FFFBC500EB5134 /* uk@2x.png */ = {isa = PBXFileReference; lastKnownFileType = image.png; path = "uk@2x.png"; sourceTree = "<group>"; };
/* End PBXFileReference section */

/* Begin PBXFrameworksBuildPhase section */
		467F83BA29FFF7A900EB5134 /* Frameworks */ = {
			isa = PBXFrameworksBuildPhase;
			buildActionMask = 2147483647;
			files = (
			);
			runOnlyForDeploymentPostprocessing = 0;
		};
/* End PBXFrameworksBuildPhase section */

/* Begin PBXGroup section */
		467F83B429FFF7A900EB5134 = {
			isa = PBXGroup;
			children = (
				467F83BF29FFF7A900EB5134 /* Challenge */,
				467F83BE29FFF7A900EB5134 /* Products */,
			);
			sourceTree = "<group>";
		};
		467F83BE29FFF7A900EB5134 /* Products */ = {
			isa = PBXGroup;
			children = (
				467F83BD29FFF7A900EB5134 /* Challenge.app */,
			);
			name = Products;
			sourceTree = "<group>";
		};
		467F83BF29FFF7A900EB5134 /* Challenge */ = {
			isa = PBXGroup;
			children = (
				467F83C029FFF7A900EB5134 /* AppDelegate.swift */,
				467F83C229FFF7A900EB5134 /* SceneDelegate.swift */,
				467F83C429FFF7A900EB5134 /* ViewController.swift */,
				4673265C2A00049500AAF277 /* DetailViewController.swift */,
				467F83C629FFF7A900EB5134 /* Main.storyboard */,
				467F83C929FFF7AA00EB5134 /* Assets.xcassets */,
				467F83CB29FFF7AA00EB5134 /* LaunchScreen.storyboard */,
				467F83CE29FFF7AA00EB5134 /* Info.plist */,
				467F83D429FFFBC500EB5134 /* Content */,
			);
			path = Challenge;
			sourceTree = "<group>";
		};
		467F83D429FFFBC500EB5134 /* Content */ = {
			isa = PBXGroup;
			children = (
				467F83D529FFFBC500EB5134 /* spain@2x.png */,
				467F83D629FFFBC500EB5134 /* nigeria@2x.png */,
				467F83D729FFFBC500EB5134 /* nigeria@3x.png */,
				467F83D829FFFBC500EB5134 /* spain@3x.png */,
				467F83D929FFFBC500EB5134 /* italy@3x.png */,
				467F83DA29FFFBC500EB5134 /* ireland@2x.png */,
				467F83DB29FFFBC500EB5134 /* germany@3x.png */,
				467F83DC29FFFBC500EB5134 /* germany@2x.png */,
				467F83DD29FFFBC500EB5134 /* ireland@3x.png */,
				467F83DE29FFFBC500EB5134 /* italy@2x.png */,
				467F83DF29FFFBC500EB5134 /* poland@2x.png */,
				467F83E029FFFBC500EB5134 /* russia@2x.png */,
				467F83E129FFFBC500EB5134 /* estonia@2x.png */,
				467F83E229FFFBC500EB5134 /* estonia@3x.png */,
				467F83E329FFFBC500EB5134 /* russia@3x.png */,
				467F83E429FFFBC500EB5134 /* poland@3x.png */,
				467F83E529FFFBC500EB5134 /* uk@3x.png */,
				467F83E629FFFBC500EB5134 /* us@3x.png */,
				467F83E729FFFBC500EB5134 /* france@3x.png */,
				467F83E829FFFBC500EB5134 /* monaco@2x.png */,
				467F83E929FFFBC500EB5134 /* monaco@3x.png */,
				467F83EA29FFFBC500EB5134 /* france@2x.png */,
				467F83EB29FFFBC500EB5134 /* us@2x.png */,
				467F83EC29FFFBC500EB5134 /* uk@2x.png */,
			);
			path = Content;
			sourceTree = "<group>";
		};
/* End PBXGroup section */

/* Begin PBXNativeTarget section */
		467F83BC29FFF7A900EB5134 /* Challenge */ = {
			isa = PBXNativeTarget;
			buildConfigurationList = 467F83D129FFF7AA00EB5134 /* Build configuration list for PBXNativeTarget "Challenge" */;
			buildPhases = (
				467F83B929FFF7A900EB5134 /* Sources */,
				467F83BA29FFF7A900EB5134 /* Frameworks */,
				467F83BB29FFF7A900EB5134 /* Resources */,
			);
			buildRules = (
			);
			dependencies = (
			);
			name = Challenge;
			productName = Challenge;
			productReference = 467F83BD29FFF7A900EB5134 /* Challenge.app */;
			productType = "com.apple.product-type.application";
		};
/* End PBXNativeTarget section */

/* Begin PBXProject section */
		467F83B529FFF7A900EB5134 /* Project object */ = {
			isa = PBXProject;
			attributes = {
				BuildIndependentTargetsInParallel = 1;
				LastSwiftUpdateCheck = 1430;
				LastUpgradeCheck = 1430;
				TargetAttributes = {
					467F83BC29FFF7A900EB5134 = {
						CreatedOnToolsVersion = 14.3;
					};
				};
			};
			buildConfigurationList = 467F83B829FFF7A900EB5134 /* Build configuration list for PBXProject "Challenge" */;
			compatibilityVersion = "Xcode 14.0";
			developmentRegion = en;
			hasScannedForEncodings = 0;
			knownRegions = (
				en,
				Base,
			);
			mainGroup = 467F83B429FFF7A900EB5134;
			productRefGroup = 467F83BE29FFF7A900EB5134 /* Products */;
			projectDirPath = "";
			projectRoot = "";
			targets = (
				467F83BC29FFF7A900EB5134 /* Challenge */,
			);
		};
/* End PBXProject section */

/* Begin PBXResourcesBuildPhase section */
		467F83BB29FFF7A900EB5134 /* Resources */ = {
			isa = PBXResourcesBuildPhase;
			buildActionMask = 2147483647;
			files = (
				467F840129FFFBC500EB5134 /* monaco@3x.png in Resources */,
				467F83EE29FFFBC500EB5134 /* nigeria@2x.png in Resources */,
				467F840329FFFBC500EB5134 /* us@2x.png in Resources */,
				467F83EF29FFFBC500EB5134 /* nigeria@3x.png in Resources */,
				467F83FC29FFFBC500EB5134 /* poland@3x.png in Resources */,
				467F83FD29FFFBC500EB5134 /* uk@3x.png in Resources */,
				467F840229FFFBC500EB5134 /* france@2x.png in Resources */,
				467F83F629FFFBC500EB5134 /* italy@2x.png in Resources */,
				467F83ED29FFFBC500EB5134 /* spain@2x.png in Resources */,
				467F83F329FFFBC500EB5134 /* germany@3x.png in Resources */,
				467F83CD29FFF7AA00EB5134 /* LaunchScreen.storyboard in Resources */,
				467F83F729FFFBC500EB5134 /* poland@2x.png in Resources */,
				467F83CA29FFF7AA00EB5134 /* Assets.xcassets in Resources */,
				467F83F129FFFBC500EB5134 /* italy@3x.png in Resources */,
				467F83FA29FFFBC500EB5134 /* estonia@3x.png in Resources */,
				467F840029FFFBC500EB5134 /* monaco@2x.png in Resources */,
				467F83C829FFF7A900EB5134 /* Main.storyboard in Resources */,
				467F83F229FFFBC500EB5134 /* ireland@2x.png in Resources */,
				467F83F429FFFBC500EB5134 /* germany@2x.png in Resources */,
				467F83FE29FFFBC500EB5134 /* us@3x.png in Resources */,
				467F83F029FFFBC500EB5134 /* spain@3x.png in Resources */,
				467F83F829FFFBC500EB5134 /* russia@2x.png in Resources */,
				467F83F929FFFBC500EB5134 /* estonia@2x.png in Resources */,
				467F83FB29FFFBC500EB5134 /* russia@3x.png in Resources */,
				467F840429FFFBC500EB5134 /* uk@2x.png in Resources */,
				467F83FF29FFFBC500EB5134 /* france@3x.png in Resources */,
				467F83F529FFFBC500EB5134 /* ireland@3x.png in Resources */,
			);
			runOnlyForDeploymentPostprocessing = 0;
		};
/* End PBXResourcesBuildPhase section */

/* Begin PBXSourcesBuildPhase section */
		467F83B929FFF7A900EB5134 /* Sources */ = {
			isa = PBXSourcesBuildPhase;
			buildActionMask = 2147483647;
			files = (
				467F83C529FFF7A900EB5134 /* ViewController.swift in Sources */,
				467F83C129FFF7A900EB5134 /* AppDelegate.swift in Sources */,
				467F83C329FFF7A900EB5134 /* SceneDelegate.swift in Sources */,
				4673265D2A00049500AAF277 /* DetailViewController.swift in Sources */,
			);
			runOnlyForDeploymentPostprocessing = 0;
		};
/* End PBXSourcesBuildPhase section */

/* Begin PBXVariantGroup section */
		467F83C629FFF7A900EB5134 /* Main.storyboard */ = {
			isa = PBXVariantGroup;
			children = (
				467F83C729FFF7A900EB5134 /* Base */,
			);
			name = Main.storyboard;
			sourceTree = "<group>";
		};
		467F83CB29FFF7AA00EB5134 /* LaunchScreen.storyboard */ = {
			isa = PBXVariantGroup;
			children = (
				467F83CC29FFF7AA00EB5134 /* Base */,
			);
			name = LaunchScreen.storyboard;
			sourceTree = "<group>";
		};
/* End PBXVariantGroup section */

/* Begin XCBuildConfiguration section */
		467F83CF29FFF7AA00EB5134 /* Debug */ = {
			isa = XCBuildConfiguration;
			buildSettings = {
				ALWAYS_SEARCH_USER_PATHS = NO;
				CLANG_ANALYZER_NONNULL = YES;
				CLANG_ANALYZER_NUMBER_OBJECT_CONVERSION = YES_AGGRESSIVE;
				CLANG_CXX_LANGUAGE_STANDARD = "gnu++20";
				CLANG_ENABLE_MODULES = YES;
				CLANG_ENABLE_OBJC_ARC = YES;
				CLANG_ENABLE_OBJC_WEAK = YES;
				CLANG_WARN_BLOCK_CAPTURE_AUTORELEASING = YES;
				CLANG_WARN_BOOL_CONVERSION = YES;
				CLANG_WARN_COMMA = YES;
				CLANG_WARN_CONSTANT_CONVERSION = YES;
				CLANG_WARN_DEPRECATED_OBJC_IMPLEMENTATIONS = YES;
				CLANG_WARN_DIRECT_OBJC_ISA_USAGE = YES_ERROR;
				CLANG_WARN_DOCUMENTATION_COMMENTS = YES;
				CLANG_WARN_EMPTY_BODY = YES;
				CLANG_WARN_ENUM_CONVERSION = YES;
				CLANG_WARN_INFINITE_RECURSION = YES;
				CLANG_WARN_INT_CONVERSION = YES;
				CLANG_WARN_NON_LITERAL_NULL_CONVERSION = YES;
				CLANG_WARN_OBJC_IMPLICIT_RETAIN_SELF = YES;
				CLANG_WARN_OBJC_LITERAL_CONVERSION = YES;
				CLANG_WARN_OBJC_ROOT_CLASS = YES_ERROR;
				CLANG_WARN_QUOTED_INCLUDE_IN_FRAMEWORK_HEADER = YES;
				CLANG_WARN_RANGE_LOOP_ANALYSIS = YES;
				CLANG_WARN_STRICT_PROTOTYPES = YES;
				CLANG_WARN_SUSPICIOUS_MOVE = YES;
				CLANG_WARN_UNGUARDED_AVAILABILITY = YES_AGGRESSIVE;
				CLANG_WARN_UNREACHABLE_CODE = YES;
				CLANG_WARN__DUPLICATE_METHOD_MATCH = YES;
				COPY_PHASE_STRIP = NO;
				DEBUG_INFORMATION_FORMAT = dwarf;
				ENABLE_STRICT_OBJC_MSGSEND = YES;
				ENABLE_TESTABILITY = YES;
				GCC_C_LANGUAGE_STANDARD = gnu11;
				GCC_DYNAMIC_NO_PIC = NO;
				GCC_NO_COMMON_BLOCKS = YES;
				GCC_OPTIMIZATION_LEVEL = 0;
				GCC_PREPROCESSOR_DEFINITIONS = (
					"DEBUG=1",
					"$(inherited)",
				);
				GCC_WARN_64_TO_32_BIT_CONVERSION = YES;
				GCC_WARN_ABOUT_RETURN_TYPE = YES_ERROR;
				GCC_WARN_UNDECLARED_SELECTOR = YES;
				GCC_WARN_UNINITIALIZED_AUTOS = YES_AGGRESSIVE;
				GCC_WARN_UNUSED_FUNCTION = YES;
				GCC_WARN_UNUSED_VARIABLE = YES;
				IPHONEOS_DEPLOYMENT_TARGET = 16.4;
				MTL_ENABLE_DEBUG_INFO = INCLUDE_SOURCE;
				MTL_FAST_MATH = YES;
				ONLY_ACTIVE_ARCH = YES;
				SDKROOT = iphoneos;
				SWIFT_ACTIVE_COMPILATION_CONDITIONS = DEBUG;
				SWIFT_OPTIMIZATION_LEVEL = "-Onone";
			};
			name = Debug;
		};
		467F83D029FFF7AA00EB5134 /* Release */ = {
			isa = XCBuildConfiguration;
			buildSettings = {
				ALWAYS_SEARCH_USER_PATHS = NO;
				CLANG_ANALYZER_NONNULL = YES;
				CLANG_ANALYZER_NUMBER_OBJECT_CONVERSION = YES_AGGRESSIVE;
				CLANG_CXX_LANGUAGE_STANDARD = "gnu++20";
				CLANG_ENABLE_MODULES = YES;
				CLANG_ENABLE_OBJC_ARC = YES;
				CLANG_ENABLE_OBJC_WEAK = YES;
				CLANG_WARN_BLOCK_CAPTURE_AUTORELEASING = YES;
				CLANG_WARN_BOOL_CONVERSION = YES;
				CLANG_WARN_COMMA = YES;
				CLANG_WARN_CONSTANT_CONVERSION = YES;
				CLANG_WARN_DEPRECATED_OBJC_IMPLEMENTATIONS = YES;
				CLANG_WARN_DIRECT_OBJC_ISA_USAGE = YES_ERROR;
				CLANG_WARN_DOCUMENTATION_COMMENTS = YES;
				CLANG_WARN_EMPTY_BODY = YES;
				CLANG_WARN_ENUM_CONVERSION = YES;
				CLANG_WARN_INFINITE_RECURSION = YES;
				CLANG_WARN_INT_CONVERSION = YES;
				CLANG_WARN_NON_LITERAL_NULL_CONVERSION = YES;
				CLANG_WARN_OBJC_IMPLICIT_RETAIN_SELF = YES;
				CLANG_WARN_OBJC_LITERAL_CONVERSION = YES;
				CLANG_WARN_OBJC_ROOT_CLASS = YES_ERROR;
				CLANG_WARN_QUOTED_INCLUDE_IN_FRAMEWORK_HEADER = YES;
				CLANG_WARN_RANGE_LOOP_ANALYSIS = YES;
				CLANG_WARN_STRICT_PROTOTYPES = YES;
				CLANG_WARN_SUSPICIOUS_MOVE = YES;
				CLANG_WARN_UNGUARDED_AVAILABILITY = YES_AGGRESSIVE;
				CLANG_WARN_UNREACHABLE_CODE = YES;
				CLANG_WARN__DUPLICATE_METHOD_MATCH = YES;
				COPY_PHASE_STRIP = NO;
				DEBUG_INFORMATION_FORMAT = "dwarf-with-dsym";
				ENABLE_NS_ASSERTIONS = NO;
				ENABLE_STRICT_OBJC_MSGSEND = YES;
				GCC_C_LANGUAGE_STANDARD = gnu11;
				GCC_NO_COMMON_BLOCKS = YES;
				GCC_WARN_64_TO_32_BIT_CONVERSION = YES;
				GCC_WARN_ABOUT_RETURN_TYPE = YES_ERROR;
				GCC_WARN_UNDECLARED_SELECTOR = YES;
				GCC_WARN_UNINITIALIZED_AUTOS = YES_AGGRESSIVE;
				GCC_WARN_UNUSED_FUNCTION = YES;
				GCC_WARN_UNUSED_VARIABLE = YES;
				IPHONEOS_DEPLOYMENT_TARGET = 16.4;
				MTL_ENABLE_DEBUG_INFO = NO;
				MTL_FAST_MATH = YES;
				SDKROOT = iphoneos;
				SWIFT_COMPILATION_MODE = wholemodule;
				SWIFT_OPTIMIZATION_LEVEL = "-O";
				VALIDATE_PRODUCT = YES;
			};
			name = Release;
		};
		467F83D229FFF7AA00EB5134 /* Debug */ = {
			isa = XCBuildConfiguration;
			buildSettings = {
				ASSETCATALOG_COMPILER_APPICON_NAME = AppIcon;
				ASSETCATALOG_COMPILER_GLOBAL_ACCENT_COLOR_NAME = AccentColor;
				CODE_SIGN_STYLE = Automatic;
				CURRENT_PROJECT_VERSION = 1;
				DEVELOPMENT_TEAM = 3WX9FH8392;
				GENERATE_INFOPLIST_FILE = YES;
				INFOPLIST_FILE = Challenge/Info.plist;
				INFOPLIST_KEY_UIApplicationSupportsIndirectInputEvents = YES;
				INFOPLIST_KEY_UILaunchStoryboardName = LaunchScreen;
				INFOPLIST_KEY_UIMainStoryboardFile = Main;
				INFOPLIST_KEY_UISupportedInterfaceOrientations_iPad = "UIInterfaceOrientationPortrait UIInterfaceOrientationPortraitUpsideDown UIInterfaceOrientationLandscapeLeft UIInterfaceOrientationLandscapeRight";
				INFOPLIST_KEY_UISupportedInterfaceOrientations_iPhone = "UIInterfaceOrientationPortrait UIInterfaceOrientationLandscapeLeft UIInterfaceOrientationLandscapeRight";
				LD_RUNPATH_SEARCH_PATHS = (
					"$(inherited)",
					"@executable_path/Frameworks",
				);
				MARKETING_VERSION = 1.0;
				PRODUCT_BUNDLE_IDENTIFIER = com.lucas.Challenge;
				PRODUCT_NAME = "$(TARGET_NAME)";
				SWIFT_EMIT_LOC_STRINGS = YES;
				SWIFT_VERSION = 5.0;
				TARGETED_DEVICE_FAMILY = "1,2";
			};
			name = Debug;
		};
		467F83D329FFF7AA00EB5134 /* Release */ = {
			isa = XCBuildConfiguration;
			buildSettings = {
				ASSETCATALOG_COMPILER_APPICON_NAME = AppIcon;
				ASSETCATALOG_COMPILER_GLOBAL_ACCENT_COLOR_NAME = AccentColor;
				CODE_SIGN_STYLE = Automatic;
				CURRENT_PROJECT_VERSION = 1;
				DEVELOPMENT_TEAM = 3WX9FH8392;
				GENERATE_INFOPLIST_FILE = YES;
				INFOPLIST_FILE = Challenge/Info.plist;
				INFOPLIST_KEY_UIApplicationSupportsIndirectInputEvents = YES;
				INFOPLIST_KEY_UILaunchStoryboardName = LaunchScreen;
				INFOPLIST_KEY_UIMainStoryboardFile = Main;
				INFOPLIST_KEY_UISupportedInterfaceOrientations_iPad = "UIInterfaceOrientationPortrait UIInterfaceOrientationPortraitUpsideDown UIInterfaceOrientationLandscapeLeft UIInterfaceOrientationLandscapeRight";
				INFOPLIST_KEY_UISupportedInterfaceOrientations_iPhone = "UIInterfaceOrientationPortrait UIInterfaceOrientationLandscapeLeft UIInterfaceOrientationLandscapeRight";
				LD_RUNPATH_SEARCH_PATHS = (
					"$(inherited)",
					"@executable_path/Frameworks",
				);
				MARKETING_VERSION = 1.0;
				PRODUCT_BUNDLE_IDENTIFIER = com.lucas.Challenge;
				PRODUCT_NAME = "$(TARGET_NAME)";
				SWIFT_EMIT_LOC_STRINGS = YES;
				SWIFT_VERSION = 5.0;
				TARGETED_DEVICE_FAMILY = "1,2";
			};
			name = Release;
		};
/* End XCBuildConfiguration section */

/* Begin XCConfigurationList section */
		467F83B829FFF7A900EB5134 /* Build configuration list for PBXProject "Challenge" */ = {
			isa = XCConfigurationList;
			buildConfigurations = (
				467F83CF29FFF7AA00EB5134 /* Debug */,
				467F83D029FFF7AA00EB5134 /* Release */,
			);
			defaultConfigurationIsVisible = 0;
			defaultConfigurationName = Release;
		};
		467F83D129FFF7AA00EB5134 /* Build configuration list for PBXNativeTarget "Challenge" */ = {
			isa = XCConfigurationList;
			buildConfigurations = (
				467F83D229FFF7AA00EB5134 /* Debug */,
				467F83D329FFF7AA00EB5134 /* Release */,
			);
			defaultConfigurationIsVisible = 0;
			defaultConfigurationName = Release;
		};
/* End XCConfigurationList section */
	};
	rootObject = 467F83B529FFF7A900EB5134 /* Project object */;
}
