// !$*UTF8*$!
{
	archiveVersion = 1;
	classes = {
	};
	objectVersion = 56;
	objects = {

/* Begin PBXBuildFile section */
		46D28FB42A6ED3BF00AF1873 /* AppDelegate.swift in Sources */ = {isa = PBXBuildFile; fileRef = 46D28FB32A6ED3BF00AF1873 /* AppDelegate.swift */; };
		46D28FB62A6ED3BF00AF1873 /* SceneDelegate.swift in Sources */ = {isa = PBXBuildFile; fileRef = 46D28FB52A6ED3BF00AF1873 /* SceneDelegate.swift */; };
		46D28FB82A6ED3BF00AF1873 /* ViewController.swift in Sources */ = {isa = PBXBuildFile; fileRef = 46D28FB72A6ED3BF00AF1873 /* ViewController.swift */; };
		46D28FBB2A6ED3BF00AF1873 /* Main.storyboard in Resources */ = {isa = PBXBuildFile; fileRef = 46D28FB92A6ED3BF00AF1873 /* Main.storyboard */; };
		46D28FBD2A6ED3C000AF1873 /* Assets.xcassets in Resources */ = {isa = PBXBuildFile; fileRef = 46D28FBC2A6ED3C000AF1873 /* Assets.xcassets */; };
		46D28FC02A6ED3C000AF1873 /* LaunchScreen.storyboard in Resources */ = {isa = PBXBuildFile; fileRef = 46D28FBE2A6ED3C000AF1873 /* LaunchScreen.storyboard */; };
/* End PBXBuildFile section */

/* Begin PBXFileReference section */
		46D28FB02A6ED3BF00AF1873 /* Project 27.app */ = {isa = PBXFileReference; explicitFileType = wrapper.application; includeInIndex = 0; path = "Project 27.app"; sourceTree = BUILT_PRODUCTS_DIR; };
		46D28FB32A6ED3BF00AF1873 /* AppDelegate.swift */ = {isa = PBXFileReference; lastKnownFileType = sourcecode.swift; path = AppDelegate.swift; sourceTree = "<group>"; };
		46D28FB52A6ED3BF00AF1873 /* SceneDelegate.swift */ = {isa = PBXFileReference; lastKnownFileType = sourcecode.swift; path = SceneDelegate.swift; sourceTree = "<group>"; };
		46D28FB72A6ED3BF00AF1873 /* ViewController.swift */ = {isa = PBXFileReference; lastKnownFileType = sourcecode.swift; path = ViewController.swift; sourceTree = "<group>"; };
		46D28FBA2A6ED3BF00AF1873 /* Base */ = {isa = PBXFileReference; lastKnownFileType = file.storyboard; name = Base; path = Base.lproj/Main.storyboard; sourceTree = "<group>"; };
		46D28FBC2A6ED3C000AF1873 /* Assets.xcassets */ = {isa = PBXFileReference; lastKnownFileType = folder.assetcatalog; path = Assets.xcassets; sourceTree = "<group>"; };
		46D28FBF2A6ED3C000AF1873 /* Base */ = {isa = PBXFileReference; lastKnownFileType = file.storyboard; name = Base; path = Base.lproj/LaunchScreen.storyboard; sourceTree = "<group>"; };
		46D28FC12A6ED3C000AF1873 /* Info.plist */ = {isa = PBXFileReference; lastKnownFileType = text.plist.xml; path = Info.plist; sourceTree = "<group>"; };
/* End PBXFileReference section */

/* Begin PBXFrameworksBuildPhase section */
		46D28FAD2A6ED3BF00AF1873 /* Frameworks */ = {
			isa = PBXFrameworksBuildPhase;
			buildActionMask = 2147483647;
			files = (
			);
			runOnlyForDeploymentPostprocessing = 0;
		};
/* End PBXFrameworksBuildPhase section */

/* Begin PBXGroup section */
		46D28FA72A6ED3BF00AF1873 = {
			isa = PBXGroup;
			children = (
				46D28FB22A6ED3BF00AF1873 /* Project 27 */,
				46D28FB12A6ED3BF00AF1873 /* Products */,
			);
			sourceTree = "<group>";
		};
		46D28FB12A6ED3BF00AF1873 /* Products */ = {
			isa = PBXGroup;
			children = (
				46D28FB02A6ED3BF00AF1873 /* Project 27.app */,
			);
			name = Products;
			sourceTree = "<group>";
		};
		46D28FB22A6ED3BF00AF1873 /* Project 27 */ = {
			isa = PBXGroup;
			children = (
				46D28FB32A6ED3BF00AF1873 /* AppDelegate.swift */,
				46D28FB52A6ED3BF00AF1873 /* SceneDelegate.swift */,
				46D28FB72A6ED3BF00AF1873 /* ViewController.swift */,
				46D28FB92A6ED3BF00AF1873 /* Main.storyboard */,
				46D28FBC2A6ED3C000AF1873 /* Assets.xcassets */,
				46D28FBE2A6ED3C000AF1873 /* LaunchScreen.storyboard */,
				46D28FC12A6ED3C000AF1873 /* Info.plist */,
			);
			path = "Project 27";
			sourceTree = "<group>";
		};
/* End PBXGroup section */

/* Begin PBXNativeTarget section */
		46D28FAF2A6ED3BF00AF1873 /* Project 27 */ = {
			isa = PBXNativeTarget;
			buildConfigurationList = 46D28FC42A6ED3C000AF1873 /* Build configuration list for PBXNativeTarget "Project 27" */;
			buildPhases = (
				46D28FAC2A6ED3BF00AF1873 /* Sources */,
				46D28FAD2A6ED3BF00AF1873 /* Frameworks */,
				46D28FAE2A6ED3BF00AF1873 /* Resources */,
			);
			buildRules = (
			);
			dependencies = (
			);
			name = "Project 27";
			productName = "Project 27";
			productReference = 46D28FB02A6ED3BF00AF1873 /* Project 27.app */;
			productType = "com.apple.product-type.application";
		};
/* End PBXNativeTarget section */

/* Begin PBXProject section */
		46D28FA82A6ED3BF00AF1873 /* Project object */ = {
			isa = PBXProject;
			attributes = {
				BuildIndependentTargetsInParallel = 1;
				LastSwiftUpdateCheck = 1430;
				LastUpgradeCheck = 1430;
				TargetAttributes = {
					46D28FAF2A6ED3BF00AF1873 = {
						CreatedOnToolsVersion = 14.3;
					};
				};
			};
			buildConfigurationList = 46D28FAB2A6ED3BF00AF1873 /* Build configuration list for PBXProject "Project 27" */;
			compatibilityVersion = "Xcode 14.0";
			developmentRegion = en;
			hasScannedForEncodings = 0;
			knownRegions = (
				en,
				Base,
			);
			mainGroup = 46D28FA72A6ED3BF00AF1873;
			productRefGroup = 46D28FB12A6ED3BF00AF1873 /* Products */;
			projectDirPath = "";
			projectRoot = "";
			targets = (
				46D28FAF2A6ED3BF00AF1873 /* Project 27 */,
			);
		};
/* End PBXProject section */

/* Begin PBXResourcesBuildPhase section */
		46D28FAE2A6ED3BF00AF1873 /* Resources */ = {
			isa = PBXResourcesBuildPhase;
			buildActionMask = 2147483647;
			files = (
				46D28FC02A6ED3C000AF1873 /* LaunchScreen.storyboard in Resources */,
				46D28FBD2A6ED3C000AF1873 /* Assets.xcassets in Resources */,
				46D28FBB2A6ED3BF00AF1873 /* Main.storyboard in Resources */,
			);
			runOnlyForDeploymentPostprocessing = 0;
		};
/* End PBXResourcesBuildPhase section */

/* Begin PBXSourcesBuildPhase section */
		46D28FAC2A6ED3BF00AF1873 /* Sources */ = {
			isa = PBXSourcesBuildPhase;
			buildActionMask = 2147483647;
			files = (
				46D28FB82A6ED3BF00AF1873 /* ViewController.swift in Sources */,
				46D28FB42A6ED3BF00AF1873 /* AppDelegate.swift in Sources */,
				46D28FB62A6ED3BF00AF1873 /* SceneDelegate.swift in Sources */,
			);
			runOnlyForDeploymentPostprocessing = 0;
		};
/* End PBXSourcesBuildPhase section */

/* Begin PBXVariantGroup section */
		46D28FB92A6ED3BF00AF1873 /* Main.storyboard */ = {
			isa = PBXVariantGroup;
			children = (
				46D28FBA2A6ED3BF00AF1873 /* Base */,
			);
			name = Main.storyboard;
			sourceTree = "<group>";
		};
		46D28FBE2A6ED3C000AF1873 /* LaunchScreen.storyboard */ = {
			isa = PBXVariantGroup;
			children = (
				46D28FBF2A6ED3C000AF1873 /* Base */,
			);
			name = LaunchScreen.storyboard;
			sourceTree = "<group>";
		};
/* End PBXVariantGroup section */

/* Begin XCBuildConfiguration section */
		46D28FC22A6ED3C000AF1873 /* Debug */ = {
			isa = XCBuildConfiguration;
			buildSettings = {
				ALWAYS_SEARCH_USER_PATHS = NO;
				CLANG_ANALYZER_NONNULL = YES;
				CLANG_ANALYZER_NUMBER_OBJECT_CONVERSION = YES_AGGRESSIVE;
				CLANG_CXX_LANGUAGE_STANDARD = "gnu++20";
				CLANG_ENABLE_MODULES = YES;
				CLANG_ENABLE_OBJC_ARC = YES;
				CLANG_ENABLE_OBJC_WEAK = YES;
				CLANG_WARN_BLOCK_CAPTURE_AUTORELEASING = YES;
				CLANG_WARN_BOOL_CONVERSION = YES;
				CLANG_WARN_COMMA = YES;
				CLANG_WARN_CONSTANT_CONVERSION = YES;
				CLANG_WARN_DEPRECATED_OBJC_IMPLEMENTATIONS = YES;
				CLANG_WARN_DIRECT_OBJC_ISA_USAGE = YES_ERROR;
				CLANG_WARN_DOCUMENTATION_COMMENTS = YES;
				CLANG_WARN_EMPTY_BODY = YES;
				CLANG_WARN_ENUM_CONVERSION = YES;
				CLANG_WARN_INFINITE_RECURSION = YES;
				CLANG_WARN_INT_CONVERSION = YES;
				CLANG_WARN_NON_LITERAL_NULL_CONVERSION = YES;
				CLANG_WARN_OBJC_IMPLICIT_RETAIN_SELF = YES;
				CLANG_WARN_OBJC_LITERAL_CONVERSION = YES;
				CLANG_WARN_OBJC_ROOT_CLASS = YES_ERROR;
				CLANG_WARN_QUOTED_INCLUDE_IN_FRAMEWORK_HEADER = YES;
				CLANG_WARN_RANGE_LOOP_ANALYSIS = YES;
				CLANG_WARN_STRICT_PROTOTYPES = YES;
				CLANG_WARN_SUSPICIOUS_MOVE = YES;
				CLANG_WARN_UNGUARDED_AVAILABILITY = YES_AGGRESSIVE;
				CLANG_WARN_UNREACHABLE_CODE = YES;
				CLANG_WARN__DUPLICATE_METHOD_MATCH = YES;
				COPY_PHASE_STRIP = NO;
				DEBUG_INFORMATION_FORMAT = dwarf;
				ENABLE_STRICT_OBJC_MSGSEND = YES;
				ENABLE_TESTABILITY = YES;
				GCC_C_LANGUAGE_STANDARD = gnu11;
				GCC_DYNAMIC_NO_PIC = NO;
				GCC_NO_COMMON_BLOCKS = YES;
				GCC_OPTIMIZATION_LEVEL = 0;
				GCC_PREPROCESSOR_DEFINITIONS = (
					"DEBUG=1",
					"$(inherited)",
				);
				GCC_WARN_64_TO_32_BIT_CONVERSION = YES;
				GCC_WARN_ABOUT_RETURN_TYPE = YES_ERROR;
				GCC_WARN_UNDECLARED_SELECTOR = YES;
				GCC_WARN_UNINITIALIZED_AUTOS = YES_AGGRESSIVE;
				GCC_WARN_UNUSED_FUNCTION = YES;
				GCC_WARN_UNUSED_VARIABLE = YES;
				IPHONEOS_DEPLOYMENT_TARGET = 16.4;
				MTL_ENABLE_DEBUG_INFO = INCLUDE_SOURCE;
				MTL_FAST_MATH = YES;
				ONLY_ACTIVE_ARCH = YES;
				SDKROOT = iphoneos;
				SWIFT_ACTIVE_COMPILATION_CONDITIONS = DEBUG;
				SWIFT_OPTIMIZATION_LEVEL = "-Onone";
			};
			name = Debug;
		};
		46D28FC32A6ED3C000AF1873 /* Release */ = {
			isa = XCBuildConfiguration;
			buildSettings = {
				ALWAYS_SEARCH_USER_PATHS = NO;
				CLANG_ANALYZER_NONNULL = YES;
				CLANG_ANALYZER_NUMBER_OBJECT_CONVERSION = YES_AGGRESSIVE;
				CLANG_CXX_LANGUAGE_STANDARD = "gnu++20";
				CLANG_ENABLE_MODULES = YES;
				CLANG_ENABLE_OBJC_ARC = YES;
				CLANG_ENABLE_OBJC_WEAK = YES;
				CLANG_WARN_BLOCK_CAPTURE_AUTORELEASING = YES;
				CLANG_WARN_BOOL_CONVERSION = YES;
				CLANG_WARN_COMMA = YES;
				CLANG_WARN_CONSTANT_CONVERSION = YES;
				CLANG_WARN_DEPRECATED_OBJC_IMPLEMENTATIONS = YES;
				CLANG_WARN_DIRECT_OBJC_ISA_USAGE = YES_ERROR;
				CLANG_WARN_DOCUMENTATION_COMMENTS = YES;
				CLANG_WARN_EMPTY_BODY = YES;
				CLANG_WARN_ENUM_CONVERSION = YES;
				CLANG_WARN_INFINITE_RECURSION = YES;
				CLANG_WARN_INT_CONVERSION = YES;
				CLANG_WARN_NON_LITERAL_NULL_CONVERSION = YES;
				CLANG_WARN_OBJC_IMPLICIT_RETAIN_SELF = YES;
				CLANG_WARN_OBJC_LITERAL_CONVERSION = YES;
				CLANG_WARN_OBJC_ROOT_CLASS = YES_ERROR;
				CLANG_WARN_QUOTED_INCLUDE_IN_FRAMEWORK_HEADER = YES;
				CLANG_WARN_RANGE_LOOP_ANALYSIS = YES;
				CLANG_WARN_STRICT_PROTOTYPES = YES;
				CLANG_WARN_SUSPICIOUS_MOVE = YES;
				CLANG_WARN_UNGUARDED_AVAILABILITY = YES_AGGRESSIVE;
				CLANG_WARN_UNREACHABLE_CODE = YES;
				CLANG_WARN__DUPLICATE_METHOD_MATCH = YES;
				COPY_PHASE_STRIP = NO;
				DEBUG_INFORMATION_FORMAT = "dwarf-with-dsym";
				ENABLE_NS_ASSERTIONS = NO;
				ENABLE_STRICT_OBJC_MSGSEND = YES;
				GCC_C_LANGUAGE_STANDARD = gnu11;
				GCC_NO_COMMON_BLOCKS = YES;
				GCC_WARN_64_TO_32_BIT_CONVERSION = YES;
				GCC_WARN_ABOUT_RETURN_TYPE = YES_ERROR;
				GCC_WARN_UNDECLARED_SELECTOR = YES;
				GCC_WARN_UNINITIALIZED_AUTOS = YES_AGGRESSIVE;
				GCC_WARN_UNUSED_FUNCTION = YES;
				GCC_WARN_UNUSED_VARIABLE = YES;
				IPHONEOS_DEPLOYMENT_TARGET = 16.4;
				MTL_ENABLE_DEBUG_INFO = NO;
				MTL_FAST_MATH = YES;
				SDKROOT = iphoneos;
				SWIFT_COMPILATION_MODE = wholemodule;
				SWIFT_OPTIMIZATION_LEVEL = "-O";
				VALIDATE_PRODUCT = YES;
			};
			name = Release;
		};
		46D28FC52A6ED3C000AF1873 /* Debug */ = {
			isa = XCBuildConfiguration;
			buildSettings = {
				ASSETCATALOG_COMPILER_APPICON_NAME = AppIcon;
				ASSETCATALOG_COMPILER_GLOBAL_ACCENT_COLOR_NAME = AccentColor;
				CODE_SIGN_STYLE = Automatic;
				CURRENT_PROJECT_VERSION = 1;
				DEVELOPMENT_TEAM = 3WX9FH8392;
				GENERATE_INFOPLIST_FILE = YES;
				INFOPLIST_FILE = "Project 27/Info.plist";
				INFOPLIST_KEY_UIApplicationSupportsIndirectInputEvents = YES;
				INFOPLIST_KEY_UILaunchStoryboardName = LaunchScreen;
				INFOPLIST_KEY_UIMainStoryboardFile = Main;
				INFOPLIST_KEY_UISupportedInterfaceOrientations_iPad = "UIInterfaceOrientationLandscapeLeft UIInterfaceOrientationLandscapeRight";
				LD_RUNPATH_SEARCH_PATHS = (
					"$(inherited)",
					"@executable_path/Frameworks",
				);
				MARKETING_VERSION = 1.0;
				PRODUCT_BUNDLE_IDENTIFIER = "com.lucas.Project-27";
				PRODUCT_NAME = "$(TARGET_NAME)";
				SWIFT_EMIT_LOC_STRINGS = YES;
				SWIFT_VERSION = 5.0;
				TARGETED_DEVICE_FAMILY = "1,2";
			};
			name = Debug;
		};
		46D28FC62A6ED3C000AF1873 /* Release */ = {
			isa = XCBuildConfiguration;
			buildSettings = {
				ASSETCATALOG_COMPILER_APPICON_NAME = AppIcon;
				ASSETCATALOG_COMPILER_GLOBAL_ACCENT_COLOR_NAME = AccentColor;
				CODE_SIGN_STYLE = Automatic;
				CURRENT_PROJECT_VERSION = 1;
				DEVELOPMENT_TEAM = 3WX9FH8392;
				GENERATE_INFOPLIST_FILE = YES;
				INFOPLIST_FILE = "Project 27/Info.plist";
				INFOPLIST_KEY_UIApplicationSupportsIndirectInputEvents = YES;
				INFOPLIST_KEY_UILaunchStoryboardName = LaunchScreen;
				INFOPLIST_KEY_UIMainStoryboardFile = Main;
				INFOPLIST_KEY_UISupportedInterfaceOrientations_iPad = "UIInterfaceOrientationLandscapeLeft UIInterfaceOrientationLandscapeRight";
				LD_RUNPATH_SEARCH_PATHS = (
					"$(inherited)",
					"@executable_path/Frameworks",
				);
				MARKETING_VERSION = 1.0;
				PRODUCT_BUNDLE_IDENTIFIER = "com.lucas.Project-27";
				PRODUCT_NAME = "$(TARGET_NAME)";
				SWIFT_EMIT_LOC_STRINGS = YES;
				SWIFT_VERSION = 5.0;
				TARGETED_DEVICE_FAMILY = "1,2";
			};
			name = Release;
		};
/* End XCBuildConfiguration section */

/* Begin XCConfigurationList section */
		46D28FAB2A6ED3BF00AF1873 /* Build configuration list for PBXProject "Project 27" */ = {
			isa = XCConfigurationList;
			buildConfigurations = (
				46D28FC22A6ED3C000AF1873 /* Debug */,
				46D28FC32A6ED3C000AF1873 /* Release */,
			);
			defaultConfigurationIsVisible = 0;
			defaultConfigurationName = Release;
		};
		46D28FC42A6ED3C000AF1873 /* Build configuration list for PBXNativeTarget "Project 27" */ = {
			isa = XCConfigurationList;
			buildConfigurations = (
				46D28FC52A6ED3C000AF1873 /* Debug */,
				46D28FC62A6ED3C000AF1873 /* Release */,
			);
			defaultConfigurationIsVisible = 0;
			defaultConfigurationName = Release;
		};
/* End XCConfigurationList section */
	};
	rootObject = 46D28FA82A6ED3BF00AF1873 /* Project object */;
}
